
Microsoft Visual Studio Solution File, Format Version 12.00
# Visual Studio Version 17
VisualStudioVersion = 17.5.002.0
MinimumVisualStudioVersion = 10.0.40219.1
Project("{9A19103F-16F7-4668-BE54-9A1E7A4F7556}") = "tinymapper-console", "tinymapper-console.csproj", "{5AB2779D-7D1C-4BB5-A644-633368C4875A}"
EndProject
Global
	GlobalSection(SolutionConfigurationPlatforms) = preSolution
		Debug|Any CPU = Debug|Any CPU
		Release|Any CPU = Release|Any CPU
	EndGlobalSection
	GlobalSection(ProjectConfigurationPlatforms) = postSolution
		{5AB2779D-7D1C-4BB5-A644-633368C4875A}.Debug|Any CPU.ActiveCfg = Debug|Any CPU
		{5AB2779D-7D1C-4BB5-A644-633368C4875A}.Debug|Any CPU.Build.0 = Debug|Any CPU
		{5AB2779D-7D1C-4BB5-A644-633368C4875A}.Release|Any CPU.ActiveCfg = Release|Any CPU
		{5AB2779D-7D1C-4BB5-A644-633368C4875A}.Release|Any CPU.Build.0 = Release|Any CPU
	EndGlobalSection
	GlobalSection(SolutionProperties) = preSolution
		HideSolutionNode = FALSE
	EndGlobalSection
	GlobalSection(ExtensibilityGlobals) = postSolution
		SolutionGuid = {D8D99A5D-8A0F-4D7D-B5C9-C56C3B4A1228}
	EndGlobalSection
EndGlobal
